
Microsoft Visual Studio Solution File, Format Version 11.00
# Visual Studio 2010
Project("{002A2DE9-8BB6-484D-9802-7E4AD4084715}") = "DEmu", "DEmu.visualdproj", "{0E04E99B-0345-4D43-813B-E2F876F40580}"
EndProject
Global
	GlobalSection(SolutionConfigurationPlatforms) = preSolution
		Debug|Win32 = Debug|Win32
		Release|Win32 = Release|Win32
	EndGlobalSection
	GlobalSection(ProjectConfigurationPlatforms) = postSolution
		{0E04E99B-0345-4D43-813B-E2F876F40580}.Debug|Win32.ActiveCfg = Debug|Win32
		{0E04E99B-0345-4D43-813B-E2F876F40580}.Debug|Win32.Build.0 = Debug|Win32
		{0E04E99B-0345-4D43-813B-E2F876F40580}.Release|Win32.ActiveCfg = Release|Win32
		{0E04E99B-0345-4D43-813B-E2F876F40580}.Release|Win32.Build.0 = Release|Win32
	EndGlobalSection
	GlobalSection(SolutionProperties) = preSolution
		HideSolutionNode = FALSE
	EndGlobalSection
EndGlobal
